
Microsoft Visual Studio Solution File, Format Version 12.00
# Visual Studio Version 17
VisualStudioVersion = 17.12.35527.113
MinimumVisualStudioVersion = 10.0.40219.1
Project("{FAE04EC0-301F-11D3-BF4B-00C04F79EFBC}") = "Finiti.WEB", "Finiti.WEB\Finiti.WEB.csproj", "{3407E889-F604-4B3A-BDD8-EACF2EDF5EEB}"
EndProject
Project("{FAE04EC0-301F-11D3-BF4B-00C04F79EFBC}") = "Finiti.DATA", "Finiti.DATA\Finiti.DATA.csproj", "{9D05DCFB-32E7-4760-82C4-2062CED053CF}"
EndProject
Project("{FAE04EC0-301F-11D3-BF4B-00C04F79EFBC}") = "Finiti.DOMAIN", "Finiti.DOMAIN\Finiti.DOMAIN.csproj", "{19FCDF8A-8D3B-4C0A-B525-F0EA1A5EDC42}"
EndProject
Project("{FAE04EC0-301F-11D3-BF4B-00C04F79EFBC}") = "Finiti.APPLICATION", "Finiti.APPLICATION\Finiti.APPLICATION.csproj", "{05BAA304-142E-415A-B0ED-F4C158D9E058}"
EndProject
Project("{FAE04EC0-301F-11D3-BF4B-00C04F79EFBC}") = "Finiti.RepositoryTests", "Finiti.RepositoryTests\Finiti.RepositoryTests.csproj", "{AC7C5E00-06CE-4C54-B0FD-64DEDA912D7E}"
EndProject
Project("{FAE04EC0-301F-11D3-BF4B-00C04F79EFBC}") = "Finiti.ServiceTests", "Finiti.ServiceTests\Finiti.ServiceTests.csproj", "{F11E7EB6-5F39-47FA-A0A9-112E2541AF82}"
EndProject
Project("{FAE04EC0-301F-11D3-BF4B-00C04F79EFBC}") = "Finiti.ControllerTests", "Finiti.ControllerTests\Finiti.ControllerTests.csproj", "{2C35E43F-A881-4005-8BDD-EF505AD5FB38}"
EndProject
Global
	GlobalSection(SolutionConfigurationPlatforms) = preSolution
		Debug|Any CPU = Debug|Any CPU
		Release|Any CPU = Release|Any CPU
	EndGlobalSection
	GlobalSection(ProjectConfigurationPlatforms) = postSolution
		{3407E889-F604-4B3A-BDD8-EACF2EDF5EEB}.Debug|Any CPU.ActiveCfg = Debug|Any CPU
		{3407E889-F604-4B3A-BDD8-EACF2EDF5EEB}.Debug|Any CPU.Build.0 = Debug|Any CPU
		{3407E889-F604-4B3A-BDD8-EACF2EDF5EEB}.Release|Any CPU.ActiveCfg = Release|Any CPU
		{3407E889-F604-4B3A-BDD8-EACF2EDF5EEB}.Release|Any CPU.Build.0 = Release|Any CPU
		{9D05DCFB-32E7-4760-82C4-2062CED053CF}.Debug|Any CPU.ActiveCfg = Debug|Any CPU
		{9D05DCFB-32E7-4760-82C4-2062CED053CF}.Debug|Any CPU.Build.0 = Debug|Any CPU
		{9D05DCFB-32E7-4760-82C4-2062CED053CF}.Release|Any CPU.ActiveCfg = Release|Any CPU
		{9D05DCFB-32E7-4760-82C4-2062CED053CF}.Release|Any CPU.Build.0 = Release|Any CPU
		{19FCDF8A-8D3B-4C0A-B525-F0EA1A5EDC42}.Debug|Any CPU.ActiveCfg = Debug|Any CPU
		{19FCDF8A-8D3B-4C0A-B525-F0EA1A5EDC42}.Debug|Any CPU.Build.0 = Debug|Any CPU
		{19FCDF8A-8D3B-4C0A-B525-F0EA1A5EDC42}.Release|Any CPU.ActiveCfg = Release|Any CPU
		{19FCDF8A-8D3B-4C0A-B525-F0EA1A5EDC42}.Release|Any CPU.Build.0 = Release|Any CPU
		{05BAA304-142E-415A-B0ED-F4C158D9E058}.Debug|Any CPU.ActiveCfg = Debug|Any CPU
		{05BAA304-142E-415A-B0ED-F4C158D9E058}.Debug|Any CPU.Build.0 = Debug|Any CPU
		{05BAA304-142E-415A-B0ED-F4C158D9E058}.Release|Any CPU.ActiveCfg = Release|Any CPU
		{05BAA304-142E-415A-B0ED-F4C158D9E058}.Release|Any CPU.Build.0 = Release|Any CPU
		{AC7C5E00-06CE-4C54-B0FD-64DEDA912D7E}.Debug|Any CPU.ActiveCfg = Debug|Any CPU
		{AC7C5E00-06CE-4C54-B0FD-64DEDA912D7E}.Debug|Any CPU.Build.0 = Debug|Any CPU
		{AC7C5E00-06CE-4C54-B0FD-64DEDA912D7E}.Release|Any CPU.ActiveCfg = Release|Any CPU
		{AC7C5E00-06CE-4C54-B0FD-64DEDA912D7E}.Release|Any CPU.Build.0 = Release|Any CPU
		{F11E7EB6-5F39-47FA-A0A9-112E2541AF82}.Debug|Any CPU.ActiveCfg = Debug|Any CPU
		{F11E7EB6-5F39-47FA-A0A9-112E2541AF82}.Debug|Any CPU.Build.0 = Debug|Any CPU
		{F11E7EB6-5F39-47FA-A0A9-112E2541AF82}.Release|Any CPU.ActiveCfg = Release|Any CPU
		{F11E7EB6-5F39-47FA-A0A9-112E2541AF82}.Release|Any CPU.Build.0 = Release|Any CPU
		{2C35E43F-A881-4005-8BDD-EF505AD5FB38}.Debug|Any CPU.ActiveCfg = Debug|Any CPU
		{2C35E43F-A881-4005-8BDD-EF505AD5FB38}.Debug|Any CPU.Build.0 = Debug|Any CPU
		{2C35E43F-A881-4005-8BDD-EF505AD5FB38}.Release|Any CPU.ActiveCfg = Release|Any CPU
		{2C35E43F-A881-4005-8BDD-EF505AD5FB38}.Release|Any CPU.Build.0 = Release|Any CPU
	EndGlobalSection
	GlobalSection(SolutionProperties) = preSolution
		HideSolutionNode = FALSE
	EndGlobalSection
EndGlobal
